
Microsoft Visual Studio Solution File, Format Version 12.00
# Visual Studio Version 17
VisualStudioVersion = 17.5.33516.290
MinimumVisualStudioVersion = 10.0.40219.1
Project("{FAE04EC0-301F-11D3-BF4B-00C04F79EFBC}") = "MCLModder", "MCLModder\MCLModder.csproj", "{3F01D149-790C-4C27-9FE9-662F20D21A6E}"
EndProject
Global
	GlobalSection(SolutionConfigurationPlatforms) = preSolution
		Debug|Any CPU = Debug|Any CPU
		Release|Any CPU = Release|Any CPU
	EndGlobalSection
	GlobalSection(ProjectConfigurationPlatforms) = postSolution
		{3F01D149-790C-4C27-9FE9-662F20D21A6E}.Debug|Any CPU.ActiveCfg = Debug|Any CPU
		{3F01D149-790C-4C27-9FE9-662F20D21A6E}.Debug|Any CPU.Build.0 = Debug|Any CPU
		{3F01D149-790C-4C27-9FE9-662F20D21A6E}.Release|Any CPU.ActiveCfg = Release|Any CPU
		{3F01D149-790C-4C27-9FE9-662F20D21A6E}.Release|Any CPU.Build.0 = Release|Any CPU
	EndGlobalSection
	GlobalSection(SolutionProperties) = preSolution
		HideSolutionNode = FALSE
	EndGlobalSection
	GlobalSection(ExtensibilityGlobals) = postSolution
		SolutionGuid = {9BFA05F2-98C4-495D-BF55-18B06DB51E19}
	EndGlobalSection
EndGlobal
